
Microsoft Visual Studio Solution File, Format Version 11.00
# Visual Studio 2010
Project("{FAE04EC0-301F-11D3-BF4B-00C04F79EFBC}") = "SisPAR.Entidades", "SisPAR.Entidades\SisPAR.Entidades.csproj", "{CDF781D6-D430-4D79-8758-E0E05E4A820F}"
EndProject
Project("{FAE04EC0-301F-11D3-BF4B-00C04F79EFBC}") = "SisPAR.Negocio", "SisPAR.Negocio\SisPAR.Negocio.csproj", "{1AA98470-6471-4FC0-A301-C4E3F797C4C7}"
EndProject
Project("{FAE04EC0-301F-11D3-BF4B-00C04F79EFBC}") = "SisPAR.Datos", "SisPAR.Datos\SisPAR.Datos.csproj", "{E0933C3F-9B2B-40BA-BBB6-8B9EC360B7D2}"
EndProject
Project("{FAE04EC0-301F-11D3-BF4B-00C04F79EFBC}") = "SisPAR.VistaBackOffice", "SisPAR.VistaBackOffice\SisPAR.VistaBackOffice.csproj", "{D09A5C65-711A-4330-8F5E-F767607E48C6}"
EndProject
Project("{FAE04EC0-301F-11D3-BF4B-00C04F79EFBC}") = "SisPAR.VistaFrontOffice", "SisPAR.VistaFrontOffice\SisPAR.VistaFrontOffice.csproj", "{7E72289A-B2A1-4C81-A141-387CDF15B33B}"
EndProject
Global
	GlobalSection(SolutionConfigurationPlatforms) = preSolution
		Debug|Any CPU = Debug|Any CPU
		Release|Any CPU = Release|Any CPU
	EndGlobalSection
	GlobalSection(ProjectConfigurationPlatforms) = postSolution
		{CDF781D6-D430-4D79-8758-E0E05E4A820F}.Debug|Any CPU.ActiveCfg = Debug|Any CPU
		{CDF781D6-D430-4D79-8758-E0E05E4A820F}.Debug|Any CPU.Build.0 = Debug|Any CPU
		{CDF781D6-D430-4D79-8758-E0E05E4A820F}.Release|Any CPU.ActiveCfg = Release|Any CPU
		{CDF781D6-D430-4D79-8758-E0E05E4A820F}.Release|Any CPU.Build.0 = Release|Any CPU
		{1AA98470-6471-4FC0-A301-C4E3F797C4C7}.Debug|Any CPU.ActiveCfg = Debug|Any CPU
		{1AA98470-6471-4FC0-A301-C4E3F797C4C7}.Debug|Any CPU.Build.0 = Debug|Any CPU
		{1AA98470-6471-4FC0-A301-C4E3F797C4C7}.Release|Any CPU.ActiveCfg = Release|Any CPU
		{1AA98470-6471-4FC0-A301-C4E3F797C4C7}.Release|Any CPU.Build.0 = Release|Any CPU
		{E0933C3F-9B2B-40BA-BBB6-8B9EC360B7D2}.Debug|Any CPU.ActiveCfg = Debug|Any CPU
		{E0933C3F-9B2B-40BA-BBB6-8B9EC360B7D2}.Debug|Any CPU.Build.0 = Debug|Any CPU
		{E0933C3F-9B2B-40BA-BBB6-8B9EC360B7D2}.Release|Any CPU.ActiveCfg = Release|Any CPU
		{E0933C3F-9B2B-40BA-BBB6-8B9EC360B7D2}.Release|Any CPU.Build.0 = Release|Any CPU
		{D09A5C65-711A-4330-8F5E-F767607E48C6}.Debug|Any CPU.ActiveCfg = Debug|Any CPU
		{D09A5C65-711A-4330-8F5E-F767607E48C6}.Debug|Any CPU.Build.0 = Debug|Any CPU
		{D09A5C65-711A-4330-8F5E-F767607E48C6}.Release|Any CPU.ActiveCfg = Release|Any CPU
		{D09A5C65-711A-4330-8F5E-F767607E48C6}.Release|Any CPU.Build.0 = Release|Any CPU
		{7E72289A-B2A1-4C81-A141-387CDF15B33B}.Debug|Any CPU.ActiveCfg = Debug|Any CPU
		{7E72289A-B2A1-4C81-A141-387CDF15B33B}.Debug|Any CPU.Build.0 = Debug|Any CPU
		{7E72289A-B2A1-4C81-A141-387CDF15B33B}.Release|Any CPU.ActiveCfg = Release|Any CPU
		{7E72289A-B2A1-4C81-A141-387CDF15B33B}.Release|Any CPU.Build.0 = Release|Any CPU
	EndGlobalSection
	GlobalSection(SolutionProperties) = preSolution
		HideSolutionNode = FALSE
	EndGlobalSection
EndGlobal
